github.com/google/go-cmp v0.5.8 h1:e6P7q2lk1O+qJJb4BtCQXlK8vWEO8V1ZeuEdJNOqZyg=
github.com/sethvargo/go-envconfig v0.8.0 h1:AcmdAewSFAc7pQ1Ghz+vhZkilUtxX559QlDuLLiSkdI=
github.com/sethvargo/go-envconfig v0.8.0/go.mod h1:Iz1Gy1Sf3T64TQlJSvee81qDhf7YIlt8GMUX6yyNFs0=
github.com/sethvargo/go-githubactions v1.1.0 h1:mg03w+b+/s5SMS298/2G6tHv8P0w0VhUFaqL1THIqzY=
github.com/sethvargo/go-githubactions v1.1.0/go.mod h1:qIboSF7yq2Qnaw2WXDsqCReM0Lo1gU4QXUWmhBC3pxE=
