dependencies:
- name: omnirpc
  repository: file://../omnirpc/
  version: 0.2.92
- name: clickhouse
  repository: https://sentry-kubernetes.github.io/charts
  version: 3.1.3
digest: sha256:d41e7713f0f1e6b9e17f8a30cc38497a76fb9c2fdb9b884682ebe55234816444
generated: "2023-11-14T22:07:32.395834-06:00"
