dependencies:
- name: mysql
  repository: https://charts.bitnami.com/bitnami
  version: 9.3.2
- name: omnirpc
  repository: file://../omnirpc/
  version: 0.2.4
- name: scribe
  repository: file://../scribe/
  version: 0.2.6
- name: jaeger
  repository: https://jaegertracing.github.io/helm-charts
  version: 0.69.1
digest: sha256:3ce0496bd6a16ef40ac3371e68b6980b7cbf5ce2f4a02cf05c45c48abf225181
generated: "2023-05-22T15:41:44.444577-04:00"
